
Microsoft Visual Studio Solution File, Format Version 12.00
# Visual Studio 15
VisualStudioVersion = 15.0.27004.2009
MinimumVisualStudioVersion = 10.0.40219.1
Project("{FAE04EC0-301F-11D3-BF4B-00C04F79EFBC}") = "Thread使用", "Thread使用\Thread使用.csproj", "{2401F5DC-D48C-480B-988D-C5DB95417476}"
EndProject
Project("{FAE04EC0-301F-11D3-BF4B-00C04F79EFBC}") = "Tread参数", "Tread参数\Tread参数.csproj", "{64BA60DE-06ED-4C84-B869-859CA691D4AF}"
EndProject
Project("{FAE04EC0-301F-11D3-BF4B-00C04F79EFBC}") = "后台线程Demo", "后台线程Demo\后台线程Demo.csproj", "{979C37E9-5D6E-4711-AF15-CD00F6C4BCC5}"
EndProject
Project("{FAE04EC0-301F-11D3-BF4B-00C04F79EFBC}") = "Thread优先级", "Thread优先级\Thread优先级.csproj", "{28065F32-7BC7-420A-91CB-8A86818CD6E3}"
EndProject
Project("{FAE04EC0-301F-11D3-BF4B-00C04F79EFBC}") = "线程的终止", "线程的终止\线程的终止.csproj", "{5A7F678E-5825-4444-9546-EDB7EFFE5BEE}"
EndProject
Project("{FAE04EC0-301F-11D3-BF4B-00C04F79EFBC}") = "线程同步", "线程同步\线程同步.csproj", "{E3D0E191-6FF9-441D-9F75-A9E60E19FC59}"
EndProject
Project("{FAE04EC0-301F-11D3-BF4B-00C04F79EFBC}") = "线程同步深入", "线程同步深入\线程同步深入.csproj", "{F4209391-44EE-4CE0-B2DC-4B3BA6F20598}"
EndProject
Project("{FAE04EC0-301F-11D3-BF4B-00C04F79EFBC}") = "多线程与单例模式", "多线程与单例模式\多线程与单例模式.csproj", "{BD888557-0F59-4DD0-B95B-DEAE177B4399}"
EndProject
Project("{FAE04EC0-301F-11D3-BF4B-00C04F79EFBC}") = "WaitHander", "WaitHander\WaitHander.csproj", "{943D7B65-31CC-4B2B-98CD-68E2B1855783}"
EndProject
Project("{FAE04EC0-301F-11D3-BF4B-00C04F79EFBC}") = "AutoResetEvent", "AutoResetEvent\AutoResetEvent.csproj", "{84C9B359-F7B2-4A85-B251-5E6FF9B25F9C}"
EndProject
Project("{2150E333-8FDC-42A3-9474-1A3956D46DE8}") = "线程计基础", "线程计基础", "{1A07A156-59FB-44B3-90A0-87E71E35B56E}"
EndProject
Project("{2150E333-8FDC-42A3-9474-1A3956D46DE8}") = "线程深入", "线程深入", "{C6EA6AF9-11C1-4F4F-A868-DEC8CA91B506}"
EndProject
Project("{FAE04EC0-301F-11D3-BF4B-00C04F79EFBC}") = "线程池", "线程池\线程池.csproj", "{E38F47B7-93B6-4854-BED1-9737A756FF2B}"
EndProject
Project("{FAE04EC0-301F-11D3-BF4B-00C04F79EFBC}") = "Winform多线程", "Winform多线程\Winform多线程.csproj", "{D6636E60-D6CF-431E-95C8-C2DC89E3EFE0}"
EndProject
Project("{FAE04EC0-301F-11D3-BF4B-00C04F79EFBC}") = "异步编程模型-EAP", "异步编程模型\异步编程模型-EAP.csproj", "{BE947672-A6F1-4AD3-B0BF-6BBFC2147919}"
EndProject
Project("{FAE04EC0-301F-11D3-BF4B-00C04F79EFBC}") = "异步编程模型-APM", "异步编程模型-APM\异步编程模型-APM.csproj", "{7E592337-DA0B-40D6-B81B-91E52DEAEE1C}"
EndProject
Project("{FAE04EC0-301F-11D3-BF4B-00C04F79EFBC}") = "异步编程-TPL", "异步编程TPL\异步编程-TPL.csproj", "{6EB39565-1DB6-4D07-A850-7E61231147ED}"
EndProject
Project("{FAE04EC0-301F-11D3-BF4B-00C04F79EFBC}") = "编写自定义异步方法", "编写自定义异步方法\编写自定义异步方法.csproj", "{EDD76659-BE7D-438C-B289-015A9688F85B}"
EndProject
Project("{FAE04EC0-301F-11D3-BF4B-00C04F79EFBC}") = "HttpClientss", "HttpClient\HttpClientss.csproj", "{96C2FDCC-4A63-4DD4-99DE-98AB13C54134}"
EndProject
Project("{2150E333-8FDC-42A3-9474-1A3956D46DE8}") = "并发编程", "并发编程", "{3ACD834D-0B13-4C77-B5D3-282BA1D1B569}"
EndProject
Project("{FAE04EC0-301F-11D3-BF4B-00C04F79EFBC}") = "TPL探密", "TPL探密\TPL探密.csproj", "{C9D1DCC9-21FE-46B2-A931-082CE5B45D80}"
EndProject
Project("{FAE04EC0-301F-11D3-BF4B-00C04F79EFBC}") = "TPL高级", "TPL高级\TPL高级.csproj", "{60EE35C3-B413-4215-8711-72705888112C}"
EndProject
Project("{FAE04EC0-301F-11D3-BF4B-00C04F79EFBC}") = "异步下载三个网站", "异步下载三个网站\异步下载三个网站.csproj", "{CF3A8636-8B6E-4AE0-BF8D-B1626AB4D9F3}"
EndProject
Project("{FAE04EC0-301F-11D3-BF4B-00C04F79EFBC}") = "MVC-TPL", "MVC-TPL\MVC-TPL.csproj", "{866D2EBC-6A71-4070-84F6-C1CECE8C4F3B}"
EndProject
Project("{FAE04EC0-301F-11D3-BF4B-00C04F79EFBC}") = "异步增删改查", "异步增删改查\异步增删改查.csproj", "{7C937E48-0F01-4A7B-882B-57F5E9FA632D}"
EndProject
Project("{2150E333-8FDC-42A3-9474-1A3956D46DE8}") = "CURD", "CURD", "{F7F93FB9-24D3-49CE-ADCF-984B4F7C96E2}"
EndProject
Project("{FAE04EC0-301F-11D3-BF4B-00C04F79EFBC}") = "TestService", "TestService\TestService.csproj", "{87F625E6-37EB-41EF-827C-645602B73ABC}"
EndProject
Project("{FAE04EC0-301F-11D3-BF4B-00C04F79EFBC}") = "TestIService", "TestIService\TestIService.csproj", "{166214B1-0CC0-4AB6-A7EE-924543D0199B}"
EndProject
Project("{FAE04EC0-301F-11D3-BF4B-00C04F79EFBC}") = "TestDTO", "TestDTO\TestDTO.csproj", "{55DE3FEE-2F99-4E9F-B36B-9A36B392B2F5}"
EndProject
Global
	GlobalSection(SolutionConfigurationPlatforms) = preSolution
		Debug|Any CPU = Debug|Any CPU
		Release|Any CPU = Release|Any CPU
	EndGlobalSection
	GlobalSection(ProjectConfigurationPlatforms) = postSolution
		{2401F5DC-D48C-480B-988D-C5DB95417476}.Debug|Any CPU.ActiveCfg = Debug|Any CPU
		{2401F5DC-D48C-480B-988D-C5DB95417476}.Debug|Any CPU.Build.0 = Debug|Any CPU
		{2401F5DC-D48C-480B-988D-C5DB95417476}.Release|Any CPU.ActiveCfg = Release|Any CPU
		{2401F5DC-D48C-480B-988D-C5DB95417476}.Release|Any CPU.Build.0 = Release|Any CPU
		{64BA60DE-06ED-4C84-B869-859CA691D4AF}.Debug|Any CPU.ActiveCfg = Debug|Any CPU
		{64BA60DE-06ED-4C84-B869-859CA691D4AF}.Debug|Any CPU.Build.0 = Debug|Any CPU
		{64BA60DE-06ED-4C84-B869-859CA691D4AF}.Release|Any CPU.ActiveCfg = Release|Any CPU
		{64BA60DE-06ED-4C84-B869-859CA691D4AF}.Release|Any CPU.Build.0 = Release|Any CPU
		{979C37E9-5D6E-4711-AF15-CD00F6C4BCC5}.Debug|Any CPU.ActiveCfg = Debug|Any CPU
		{979C37E9-5D6E-4711-AF15-CD00F6C4BCC5}.Debug|Any CPU.Build.0 = Debug|Any CPU
		{979C37E9-5D6E-4711-AF15-CD00F6C4BCC5}.Release|Any CPU.ActiveCfg = Release|Any CPU
		{979C37E9-5D6E-4711-AF15-CD00F6C4BCC5}.Release|Any CPU.Build.0 = Release|Any CPU
		{28065F32-7BC7-420A-91CB-8A86818CD6E3}.Debug|Any CPU.ActiveCfg = Debug|Any CPU
		{28065F32-7BC7-420A-91CB-8A86818CD6E3}.Debug|Any CPU.Build.0 = Debug|Any CPU
		{28065F32-7BC7-420A-91CB-8A86818CD6E3}.Release|Any CPU.ActiveCfg = Release|Any CPU
		{28065F32-7BC7-420A-91CB-8A86818CD6E3}.Release|Any CPU.Build.0 = Release|Any CPU
		{5A7F678E-5825-4444-9546-EDB7EFFE5BEE}.Debug|Any CPU.ActiveCfg = Debug|Any CPU
		{5A7F678E-5825-4444-9546-EDB7EFFE5BEE}.Debug|Any CPU.Build.0 = Debug|Any CPU
		{5A7F678E-5825-4444-9546-EDB7EFFE5BEE}.Release|Any CPU.ActiveCfg = Release|Any CPU
		{5A7F678E-5825-4444-9546-EDB7EFFE5BEE}.Release|Any CPU.Build.0 = Release|Any CPU
		{E3D0E191-6FF9-441D-9F75-A9E60E19FC59}.Debug|Any CPU.ActiveCfg = Debug|Any CPU
		{E3D0E191-6FF9-441D-9F75-A9E60E19FC59}.Debug|Any CPU.Build.0 = Debug|Any CPU
		{E3D0E191-6FF9-441D-9F75-A9E60E19FC59}.Release|Any CPU.ActiveCfg = Release|Any CPU
		{E3D0E191-6FF9-441D-9F75-A9E60E19FC59}.Release|Any CPU.Build.0 = Release|Any CPU
		{F4209391-44EE-4CE0-B2DC-4B3BA6F20598}.Debug|Any CPU.ActiveCfg = Debug|Any CPU
		{F4209391-44EE-4CE0-B2DC-4B3BA6F20598}.Debug|Any CPU.Build.0 = Debug|Any CPU
		{F4209391-44EE-4CE0-B2DC-4B3BA6F20598}.Release|Any CPU.ActiveCfg = Release|Any CPU
		{F4209391-44EE-4CE0-B2DC-4B3BA6F20598}.Release|Any CPU.Build.0 = Release|Any CPU
		{BD888557-0F59-4DD0-B95B-DEAE177B4399}.Debug|Any CPU.ActiveCfg = Debug|Any CPU
		{BD888557-0F59-4DD0-B95B-DEAE177B4399}.Debug|Any CPU.Build.0 = Debug|Any CPU
		{BD888557-0F59-4DD0-B95B-DEAE177B4399}.Release|Any CPU.ActiveCfg = Release|Any CPU
		{BD888557-0F59-4DD0-B95B-DEAE177B4399}.Release|Any CPU.Build.0 = Release|Any CPU
		{943D7B65-31CC-4B2B-98CD-68E2B1855783}.Debug|Any CPU.ActiveCfg = Debug|Any CPU
		{943D7B65-31CC-4B2B-98CD-68E2B1855783}.Debug|Any CPU.Build.0 = Debug|Any CPU
		{943D7B65-31CC-4B2B-98CD-68E2B1855783}.Release|Any CPU.ActiveCfg = Release|Any CPU
		{943D7B65-31CC-4B2B-98CD-68E2B1855783}.Release|Any CPU.Build.0 = Release|Any CPU
		{84C9B359-F7B2-4A85-B251-5E6FF9B25F9C}.Debug|Any CPU.ActiveCfg = Debug|Any CPU
		{84C9B359-F7B2-4A85-B251-5E6FF9B25F9C}.Debug|Any CPU.Build.0 = Debug|Any CPU
		{84C9B359-F7B2-4A85-B251-5E6FF9B25F9C}.Release|Any CPU.ActiveCfg = Release|Any CPU
		{84C9B359-F7B2-4A85-B251-5E6FF9B25F9C}.Release|Any CPU.Build.0 = Release|Any CPU
		{E38F47B7-93B6-4854-BED1-9737A756FF2B}.Debug|Any CPU.ActiveCfg = Debug|Any CPU
		{E38F47B7-93B6-4854-BED1-9737A756FF2B}.Debug|Any CPU.Build.0 = Debug|Any CPU
		{E38F47B7-93B6-4854-BED1-9737A756FF2B}.Release|Any CPU.ActiveCfg = Release|Any CPU
		{E38F47B7-93B6-4854-BED1-9737A756FF2B}.Release|Any CPU.Build.0 = Release|Any CPU
		{D6636E60-D6CF-431E-95C8-C2DC89E3EFE0}.Debug|Any CPU.ActiveCfg = Debug|Any CPU
		{D6636E60-D6CF-431E-95C8-C2DC89E3EFE0}.Debug|Any CPU.Build.0 = Debug|Any CPU
		{D6636E60-D6CF-431E-95C8-C2DC89E3EFE0}.Release|Any CPU.ActiveCfg = Release|Any CPU
		{D6636E60-D6CF-431E-95C8-C2DC89E3EFE0}.Release|Any CPU.Build.0 = Release|Any CPU
		{BE947672-A6F1-4AD3-B0BF-6BBFC2147919}.Debug|Any CPU.ActiveCfg = Debug|Any CPU
		{BE947672-A6F1-4AD3-B0BF-6BBFC2147919}.Debug|Any CPU.Build.0 = Debug|Any CPU
		{BE947672-A6F1-4AD3-B0BF-6BBFC2147919}.Release|Any CPU.ActiveCfg = Release|Any CPU
		{BE947672-A6F1-4AD3-B0BF-6BBFC2147919}.Release|Any CPU.Build.0 = Release|Any CPU
		{7E592337-DA0B-40D6-B81B-91E52DEAEE1C}.Debug|Any CPU.ActiveCfg = Debug|Any CPU
		{7E592337-DA0B-40D6-B81B-91E52DEAEE1C}.Debug|Any CPU.Build.0 = Debug|Any CPU
		{7E592337-DA0B-40D6-B81B-91E52DEAEE1C}.Release|Any CPU.ActiveCfg = Release|Any CPU
		{7E592337-DA0B-40D6-B81B-91E52DEAEE1C}.Release|Any CPU.Build.0 = Release|Any CPU
		{6EB39565-1DB6-4D07-A850-7E61231147ED}.Debug|Any CPU.ActiveCfg = Debug|Any CPU
		{6EB39565-1DB6-4D07-A850-7E61231147ED}.Debug|Any CPU.Build.0 = Debug|Any CPU
		{6EB39565-1DB6-4D07-A850-7E61231147ED}.Release|Any CPU.ActiveCfg = Release|Any CPU
		{6EB39565-1DB6-4D07-A850-7E61231147ED}.Release|Any CPU.Build.0 = Release|Any CPU
		{EDD76659-BE7D-438C-B289-015A9688F85B}.Debug|Any CPU.ActiveCfg = Debug|Any CPU
		{EDD76659-BE7D-438C-B289-015A9688F85B}.Debug|Any CPU.Build.0 = Debug|Any CPU
		{EDD76659-BE7D-438C-B289-015A9688F85B}.Release|Any CPU.ActiveCfg = Release|Any CPU
		{EDD76659-BE7D-438C-B289-015A9688F85B}.Release|Any CPU.Build.0 = Release|Any CPU
		{96C2FDCC-4A63-4DD4-99DE-98AB13C54134}.Debug|Any CPU.ActiveCfg = Debug|Any CPU
		{96C2FDCC-4A63-4DD4-99DE-98AB13C54134}.Debug|Any CPU.Build.0 = Debug|Any CPU
		{96C2FDCC-4A63-4DD4-99DE-98AB13C54134}.Release|Any CPU.ActiveCfg = Release|Any CPU
		{96C2FDCC-4A63-4DD4-99DE-98AB13C54134}.Release|Any CPU.Build.0 = Release|Any CPU
		{C9D1DCC9-21FE-46B2-A931-082CE5B45D80}.Debug|Any CPU.ActiveCfg = Debug|Any CPU
		{C9D1DCC9-21FE-46B2-A931-082CE5B45D80}.Debug|Any CPU.Build.0 = Debug|Any CPU
		{C9D1DCC9-21FE-46B2-A931-082CE5B45D80}.Release|Any CPU.ActiveCfg = Release|Any CPU
		{C9D1DCC9-21FE-46B2-A931-082CE5B45D80}.Release|Any CPU.Build.0 = Release|Any CPU
		{60EE35C3-B413-4215-8711-72705888112C}.Debug|Any CPU.ActiveCfg = Debug|Any CPU
		{60EE35C3-B413-4215-8711-72705888112C}.Debug|Any CPU.Build.0 = Debug|Any CPU
		{60EE35C3-B413-4215-8711-72705888112C}.Release|Any CPU.ActiveCfg = Release|Any CPU
		{60EE35C3-B413-4215-8711-72705888112C}.Release|Any CPU.Build.0 = Release|Any CPU
		{CF3A8636-8B6E-4AE0-BF8D-B1626AB4D9F3}.Debug|Any CPU.ActiveCfg = Debug|Any CPU
		{CF3A8636-8B6E-4AE0-BF8D-B1626AB4D9F3}.Debug|Any CPU.Build.0 = Debug|Any CPU
		{CF3A8636-8B6E-4AE0-BF8D-B1626AB4D9F3}.Release|Any CPU.ActiveCfg = Release|Any CPU
		{CF3A8636-8B6E-4AE0-BF8D-B1626AB4D9F3}.Release|Any CPU.Build.0 = Release|Any CPU
		{866D2EBC-6A71-4070-84F6-C1CECE8C4F3B}.Debug|Any CPU.ActiveCfg = Debug|Any CPU
		{866D2EBC-6A71-4070-84F6-C1CECE8C4F3B}.Debug|Any CPU.Build.0 = Debug|Any CPU
		{866D2EBC-6A71-4070-84F6-C1CECE8C4F3B}.Release|Any CPU.ActiveCfg = Release|Any CPU
		{866D2EBC-6A71-4070-84F6-C1CECE8C4F3B}.Release|Any CPU.Build.0 = Release|Any CPU
		{7C937E48-0F01-4A7B-882B-57F5E9FA632D}.Debug|Any CPU.ActiveCfg = Debug|Any CPU
		{7C937E48-0F01-4A7B-882B-57F5E9FA632D}.Debug|Any CPU.Build.0 = Debug|Any CPU
		{7C937E48-0F01-4A7B-882B-57F5E9FA632D}.Release|Any CPU.ActiveCfg = Release|Any CPU
		{7C937E48-0F01-4A7B-882B-57F5E9FA632D}.Release|Any CPU.Build.0 = Release|Any CPU
		{87F625E6-37EB-41EF-827C-645602B73ABC}.Debug|Any CPU.ActiveCfg = Debug|Any CPU
		{87F625E6-37EB-41EF-827C-645602B73ABC}.Debug|Any CPU.Build.0 = Debug|Any CPU
		{87F625E6-37EB-41EF-827C-645602B73ABC}.Release|Any CPU.ActiveCfg = Release|Any CPU
		{87F625E6-37EB-41EF-827C-645602B73ABC}.Release|Any CPU.Build.0 = Release|Any CPU
		{166214B1-0CC0-4AB6-A7EE-924543D0199B}.Debug|Any CPU.ActiveCfg = Debug|Any CPU
		{166214B1-0CC0-4AB6-A7EE-924543D0199B}.Debug|Any CPU.Build.0 = Debug|Any CPU
		{166214B1-0CC0-4AB6-A7EE-924543D0199B}.Release|Any CPU.ActiveCfg = Release|Any CPU
		{166214B1-0CC0-4AB6-A7EE-924543D0199B}.Release|Any CPU.Build.0 = Release|Any CPU
		{55DE3FEE-2F99-4E9F-B36B-9A36B392B2F5}.Debug|Any CPU.ActiveCfg = Debug|Any CPU
		{55DE3FEE-2F99-4E9F-B36B-9A36B392B2F5}.Debug|Any CPU.Build.0 = Debug|Any CPU
		{55DE3FEE-2F99-4E9F-B36B-9A36B392B2F5}.Release|Any CPU.ActiveCfg = Release|Any CPU
		{55DE3FEE-2F99-4E9F-B36B-9A36B392B2F5}.Release|Any CPU.Build.0 = Release|Any CPU
	EndGlobalSection
	GlobalSection(SolutionProperties) = preSolution
		HideSolutionNode = FALSE
	EndGlobalSection
	GlobalSection(NestedProjects) = preSolution
		{2401F5DC-D48C-480B-988D-C5DB95417476} = {1A07A156-59FB-44B3-90A0-87E71E35B56E}
		{64BA60DE-06ED-4C84-B869-859CA691D4AF} = {1A07A156-59FB-44B3-90A0-87E71E35B56E}
		{979C37E9-5D6E-4711-AF15-CD00F6C4BCC5} = {1A07A156-59FB-44B3-90A0-87E71E35B56E}
		{28065F32-7BC7-420A-91CB-8A86818CD6E3} = {1A07A156-59FB-44B3-90A0-87E71E35B56E}
		{5A7F678E-5825-4444-9546-EDB7EFFE5BEE} = {1A07A156-59FB-44B3-90A0-87E71E35B56E}
		{E3D0E191-6FF9-441D-9F75-A9E60E19FC59} = {1A07A156-59FB-44B3-90A0-87E71E35B56E}
		{F4209391-44EE-4CE0-B2DC-4B3BA6F20598} = {1A07A156-59FB-44B3-90A0-87E71E35B56E}
		{BD888557-0F59-4DD0-B95B-DEAE177B4399} = {1A07A156-59FB-44B3-90A0-87E71E35B56E}
		{943D7B65-31CC-4B2B-98CD-68E2B1855783} = {1A07A156-59FB-44B3-90A0-87E71E35B56E}
		{84C9B359-F7B2-4A85-B251-5E6FF9B25F9C} = {1A07A156-59FB-44B3-90A0-87E71E35B56E}
		{E38F47B7-93B6-4854-BED1-9737A756FF2B} = {C6EA6AF9-11C1-4F4F-A868-DEC8CA91B506}
		{D6636E60-D6CF-431E-95C8-C2DC89E3EFE0} = {C6EA6AF9-11C1-4F4F-A868-DEC8CA91B506}
		{BE947672-A6F1-4AD3-B0BF-6BBFC2147919} = {C6EA6AF9-11C1-4F4F-A868-DEC8CA91B506}
		{7E592337-DA0B-40D6-B81B-91E52DEAEE1C} = {C6EA6AF9-11C1-4F4F-A868-DEC8CA91B506}
		{6EB39565-1DB6-4D07-A850-7E61231147ED} = {C6EA6AF9-11C1-4F4F-A868-DEC8CA91B506}
		{EDD76659-BE7D-438C-B289-015A9688F85B} = {C6EA6AF9-11C1-4F4F-A868-DEC8CA91B506}
		{96C2FDCC-4A63-4DD4-99DE-98AB13C54134} = {C6EA6AF9-11C1-4F4F-A868-DEC8CA91B506}
		{C9D1DCC9-21FE-46B2-A931-082CE5B45D80} = {3ACD834D-0B13-4C77-B5D3-282BA1D1B569}
		{60EE35C3-B413-4215-8711-72705888112C} = {3ACD834D-0B13-4C77-B5D3-282BA1D1B569}
		{CF3A8636-8B6E-4AE0-BF8D-B1626AB4D9F3} = {3ACD834D-0B13-4C77-B5D3-282BA1D1B569}
		{866D2EBC-6A71-4070-84F6-C1CECE8C4F3B} = {3ACD834D-0B13-4C77-B5D3-282BA1D1B569}
		{7C937E48-0F01-4A7B-882B-57F5E9FA632D} = {F7F93FB9-24D3-49CE-ADCF-984B4F7C96E2}
		{F7F93FB9-24D3-49CE-ADCF-984B4F7C96E2} = {3ACD834D-0B13-4C77-B5D3-282BA1D1B569}
		{87F625E6-37EB-41EF-827C-645602B73ABC} = {F7F93FB9-24D3-49CE-ADCF-984B4F7C96E2}
		{166214B1-0CC0-4AB6-A7EE-924543D0199B} = {F7F93FB9-24D3-49CE-ADCF-984B4F7C96E2}
		{55DE3FEE-2F99-4E9F-B36B-9A36B392B2F5} = {F7F93FB9-24D3-49CE-ADCF-984B4F7C96E2}
	EndGlobalSection
	GlobalSection(ExtensibilityGlobals) = postSolution
		SolutionGuid = {DA6F7094-E498-44B9-9809-057A7771640E}
	EndGlobalSection
EndGlobal
